
Microsoft Visual Studio Solution File, Format Version 12.00
# Visual Studio Version 16
VisualStudioVersion = 16.0.29920.165
MinimumVisualStudioVersion = 10.0.40219.1
Project("{FAE04EC0-301F-11D3-BF4B-00C04F79EFBC}") = "ConsoleTest", "ConsoleTest\ConsoleTest.csproj", "{A2F1CED1-BFCF-4A46-9DF5-83F180F3DD0E}"
EndProject
Global
	GlobalSection(SolutionConfigurationPlatforms) = preSolution
		Debug|Any CPU = Debug|Any CPU
		Release|Any CPU = Release|Any CPU
	EndGlobalSection
	GlobalSection(ProjectConfigurationPlatforms) = postSolution
		{A2F1CED1-BFCF-4A46-9DF5-83F180F3DD0E}.Debug|Any CPU.ActiveCfg = Debug|Any CPU
		{A2F1CED1-BFCF-4A46-9DF5-83F180F3DD0E}.Debug|Any CPU.Build.0 = Debug|Any CPU
		{A2F1CED1-BFCF-4A46-9DF5-83F180F3DD0E}.Release|Any CPU.ActiveCfg = Release|Any CPU
		{A2F1CED1-BFCF-4A46-9DF5-83F180F3DD0E}.Release|Any CPU.Build.0 = Release|Any CPU
	EndGlobalSection
	GlobalSection(SolutionProperties) = preSolution
		HideSolutionNode = FALSE
	EndGlobalSection
	GlobalSection(ExtensibilityGlobals) = postSolution
		SolutionGuid = {E0D68B34-5AA2-4548-BACD-7F1643E8E635}
	EndGlobalSection
EndGlobal
